
Microsoft Visual Studio Solution File, Format Version 12.00
# Visual Studio Version 16
VisualStudioVersion = 16.0.31205.134
MinimumVisualStudioVersion = 10.0.40219.1
Project("{FAE04EC0-301F-11D3-BF4B-00C04F79EFBC}") = "AnhTung", "AnhTung\AnhTung.csproj", "{78CBE358-0F41-45B4-AA80-86906FF2DD8B}"
EndProject
Global
	GlobalSection(SolutionConfigurationPlatforms) = preSolution
		Debug|Any CPU = Debug|Any CPU
		Release|Any CPU = Release|Any CPU
	EndGlobalSection
	GlobalSection(ProjectConfigurationPlatforms) = postSolution
		{78CBE358-0F41-45B4-AA80-86906FF2DD8B}.Debug|Any CPU.ActiveCfg = Debug|Any CPU
		{78CBE358-0F41-45B4-AA80-86906FF2DD8B}.Debug|Any CPU.Build.0 = Debug|Any CPU
		{78CBE358-0F41-45B4-AA80-86906FF2DD8B}.Release|Any CPU.ActiveCfg = Release|Any CPU
		{78CBE358-0F41-45B4-AA80-86906FF2DD8B}.Release|Any CPU.Build.0 = Release|Any CPU
	EndGlobalSection
	GlobalSection(SolutionProperties) = preSolution
		HideSolutionNode = FALSE
	EndGlobalSection
	GlobalSection(ExtensibilityGlobals) = postSolution
		SolutionGuid = {11A25464-34D5-4BA8-A501-997A3D93A31B}
	EndGlobalSection
EndGlobal
